
Microsoft Visual Studio Solution File, Format Version 12.00
# Visual Studio Version 17
VisualStudioVersion = 17.14.36221.1
MinimumVisualStudioVersion = 10.0.40219.1
Project("{FAE04EC0-301F-11D3-BF4B-00C04F79EFBC}") = "XenoSync Launcher", "XenoSync Launcher\XenoSync Launcher.csproj", "{813DA651-79D3-4C6E-882C-94531DB71EC6}"
EndProject
Global
	GlobalSection(SolutionConfigurationPlatforms) = preSolution
		Debug|Any CPU = Debug|Any CPU
		Release|Any CPU = Release|Any CPU
	EndGlobalSection
	GlobalSection(ProjectConfigurationPlatforms) = postSolution
		{813DA651-79D3-4C6E-882C-94531DB71EC6}.Debug|Any CPU.ActiveCfg = Debug|Any CPU
		{813DA651-79D3-4C6E-882C-94531DB71EC6}.Debug|Any CPU.Build.0 = Debug|Any CPU
		{813DA651-79D3-4C6E-882C-94531DB71EC6}.Release|Any CPU.ActiveCfg = Release|Any CPU
		{813DA651-79D3-4C6E-882C-94531DB71EC6}.Release|Any CPU.Build.0 = Release|Any CPU
	EndGlobalSection
	GlobalSection(SolutionProperties) = preSolution
		HideSolutionNode = FALSE
	EndGlobalSection
	GlobalSection(ExtensibilityGlobals) = postSolution
		SolutionGuid = {91DD2E49-8585-4D30-8AF1-BB6CE18611FF}
	EndGlobalSection
EndGlobal
